
Microsoft Visual Studio Solution File, Format Version 12.00
# Visual Studio Version 16
VisualStudioVersion = 16.0.30611.23
MinimumVisualStudioVersion = 10.0.40219.1
Project("{FAE04EC0-301F-11D3-BF4B-00C04F79EFBC}") = "sharpsnake", "sharpsnake.csproj", "{B15D158B-0EA7-4663-854D-B02C8D9BC4F7}"
EndProject
Global
	GlobalSection(SolutionConfigurationPlatforms) = preSolution
		Debug|Any CPU = Debug|Any CPU
		Release|Any CPU = Release|Any CPU
	EndGlobalSection
	GlobalSection(ProjectConfigurationPlatforms) = postSolution
		{B15D158B-0EA7-4663-854D-B02C8D9BC4F7}.Debug|Any CPU.ActiveCfg = Debug|Any CPU
		{B15D158B-0EA7-4663-854D-B02C8D9BC4F7}.Debug|Any CPU.Build.0 = Debug|Any CPU
		{B15D158B-0EA7-4663-854D-B02C8D9BC4F7}.Release|Any CPU.ActiveCfg = Release|Any CPU
		{B15D158B-0EA7-4663-854D-B02C8D9BC4F7}.Release|Any CPU.Build.0 = Release|Any CPU
	EndGlobalSection
	GlobalSection(SolutionProperties) = preSolution
		HideSolutionNode = FALSE
	EndGlobalSection
	GlobalSection(ExtensibilityGlobals) = postSolution
		SolutionGuid = {DC1F05D1-8028-4D92-9A1B-DBCA5A4397C5}
	EndGlobalSection
EndGlobal
